# This file is autogenerated, do not edit; changes may be undone by the next 'dep ensure'.


[[projects]]
  branch = "master"
  name = "github.com/dustin/go-humanize"
  packages = ["."]
  revision = "bb3d318650d48840a39aa21a027c6630e198e626"

[[projects]]
  name = "github.com/garyburd/redigo"
  packages = ["internal","redis"]
  revision = "47dc60e71eed504e3ef8e77ee3c6fe720f3be57f"
  version = "v1.3.0"

[[projects]]
  name = "github.com/go-ini/ini"
  packages = ["."]
  revision = "32e4c1e6bc4e7d0d8451aa6b75200d19e37a536a"
  version = "v1.32.0"

[[projects]]
  branch = "master"
  name = "github.com/lib/pq"
  packages = [".","oid"]
  revision = "83612a56d3dd153a94a629cd64925371c9adad78"

[[projects]]
  branch = "master"
  name = "github.com/minio/go-homedir"
  packages = ["."]
  revision = "4d76aabb80b22bad8695d3904e943f1fb5e6199f"

[[projects]]
  name = "github.com/minio/minio-go"
  packages = [".","pkg/credentials","pkg/encrypt","pkg/policy","pkg/s3signer","pkg/s3utils","pkg/set"]
  revision = "57a8ae886b49af6eb0d2c27c2d007ed2f71e1da5"
  version = "4.0.3"

[[projects]]
  name = "github.com/sirupsen/logrus"
  packages = ["."]
  revision = "d682213848ed68c0a260ca37d6dd5ace8423f5ba"
  version = "v1.0.4"

[[projects]]
  branch = "master"
  name = "golang.org/x/crypto"
  packages = ["ssh/terminal"]
  revision = "94eea52f7b742c7cbe0b03b22f0c4c8631ece122"

[[projects]]
  branch = "master"
  name = "golang.org/x/sys"
  packages = ["unix","windows"]
  revision = "53aa286056ef226755cd898109dbcdaba8ac0b81"

[solve-meta]
  analyzer-name = "dep"
  analyzer-version = 1
  inputs-digest = "deb4642c48cbf20260aa1716e6c3c7b7f0165a04664d6c8f5ef523eb2d4856f7"
  solver-name = "gps-cdcl"
  solver-version = 1
